
Microsoft Visual Studio Solution File, Format Version 12.00
# Visual Studio Version 17
VisualStudioVersion = 17.0.32126.317
MinimumVisualStudioVersion = 10.0.40219.1
Project("{FAE04EC0-301F-11D3-BF4B-00C04F79EFBC}") = "FinalProject", "FinalProject.csproj", "{E2BA65C4-BAC6-41BF-B59F-E4B73E3B830B}"
EndProject
Global
	GlobalSection(SolutionConfigurationPlatforms) = preSolution
		Debug|Any CPU = Debug|Any CPU
		Release|Any CPU = Release|Any CPU
	EndGlobalSection
	GlobalSection(ProjectConfigurationPlatforms) = postSolution
		{E2BA65C4-BAC6-41BF-B59F-E4B73E3B830B}.Debug|Any CPU.ActiveCfg = Debug|Any CPU
		{E2BA65C4-BAC6-41BF-B59F-E4B73E3B830B}.Debug|Any CPU.Build.0 = Debug|Any CPU
		{E2BA65C4-BAC6-41BF-B59F-E4B73E3B830B}.Release|Any CPU.ActiveCfg = Release|Any CPU
		{E2BA65C4-BAC6-41BF-B59F-E4B73E3B830B}.Release|Any CPU.Build.0 = Release|Any CPU
	EndGlobalSection
	GlobalSection(SolutionProperties) = preSolution
		HideSolutionNode = FALSE
	EndGlobalSection
	GlobalSection(ExtensibilityGlobals) = postSolution
		SolutionGuid = {C612DF90-3E1E-4A88-93EC-EACA22B4F252}
	EndGlobalSection
EndGlobal
